// !$*UTF8*$!
{
	archiveVersion = 1;
	classes = {
	};
	objectVersion = 46;
	objects = {

/* Begin PBXBuildFile section */
		5B2F8D681C6E7E880096858E /* AppDelegate.swift in Sources */ = {isa = PBXBuildFile; fileRef = 5B2F8D671C6E7E880096858E /* AppDelegate.swift */; };
		5B2F8D6A1C6E7E880096858E /* ViewController.swift in Sources */ = {isa = PBXBuildFile; fileRef = 5B2F8D691C6E7E880096858E /* ViewController.swift */; };
		5B2F8D6D1C6E7E880096858E /* Main.storyboard in Resources */ = {isa = PBXBuildFile; fileRef = 5B2F8D6B1C6E7E880096858E /* Main.storyboard */; };
		5B2F8D6F1C6E7E880096858E /* Assets.xcassets in Resources */ = {isa = PBXBuildFile; fileRef = 5B2F8D6E1C6E7E880096858E /* Assets.xcassets */; };
		5B2F8D721C6E7E880096858E /* LaunchScreen.storyboard in Resources */ = {isa = PBXBuildFile; fileRef = 5B2F8D701C6E7E880096858E /* LaunchScreen.storyboard */; };
		5B2F8D7D1C6E7E880096858E /* RGB_SlidersTests.swift in Sources */ = {isa = PBXBuildFile; fileRef = 5B2F8D7C1C6E7E880096858E /* RGB_SlidersTests.swift */; };
		5B2F8D881C6E7E880096858E /* RGB_SlidersUITests.swift in Sources */ = {isa = PBXBuildFile; fileRef = 5B2F8D871C6E7E880096858E /* RGB_SlidersUITests.swift */; };
/* End PBXBuildFile section */

/* Begin PBXContainerItemProxy section */
		5B2F8D791C6E7E880096858E /* PBXContainerItemProxy */ = {
			isa = PBXContainerItemProxy;
			containerPortal = 5B2F8D5C1C6E7E880096858E /* Project object */;
			proxyType = 1;
			remoteGlobalIDString = 5B2F8D631C6E7E880096858E;
			remoteInfo = "RGB Sliders";
		};
		5B2F8D841C6E7E880096858E /* PBXContainerItemProxy */ = {
			isa = PBXContainerItemProxy;
			containerPortal = 5B2F8D5C1C6E7E880096858E /* Project object */;
			proxyType = 1;
			remoteGlobalIDString = 5B2F8D631C6E7E880096858E;
			remoteInfo = "RGB Sliders";
		};
/* End PBXContainerItemProxy section */

/* Begin PBXFileReference section */
		5B2F8D641C6E7E880096858E /* RGB Sliders.app */ = {isa = PBXFileReference; explicitFileType = wrapper.application; includeInIndex = 0; path = "RGB Sliders.app"; sourceTree = BUILT_PRODUCTS_DIR; };
		5B2F8D671C6E7E880096858E /* AppDelegate.swift */ = {isa = PBXFileReference; lastKnownFileType = sourcecode.swift; path = AppDelegate.swift; sourceTree = "<group>"; };
		5B2F8D691C6E7E880096858E /* ViewController.swift */ = {isa = PBXFileReference; lastKnownFileType = sourcecode.swift; path = ViewController.swift; sourceTree = "<group>"; };
		5B2F8D6C1C6E7E880096858E /* Base */ = {isa = PBXFileReference; lastKnownFileType = file.storyboard; name = Base; path = Base.lproj/Main.storyboard; sourceTree = "<group>"; };
		5B2F8D6E1C6E7E880096858E /* Assets.xcassets */ = {isa = PBXFileReference; lastKnownFileType = folder.assetcatalog; path = Assets.xcassets; sourceTree = "<group>"; };
		5B2F8D711C6E7E880096858E /* Base */ = {isa = PBXFileReference; lastKnownFileType = file.storyboard; name = Base; path = Base.lproj/LaunchScreen.storyboard; sourceTree = "<group>"; };
		5B2F8D731C6E7E880096858E /* Info.plist */ = {isa = PBXFileReference; lastKnownFileType = text.plist.xml; path = Info.plist; sourceTree = "<group>"; };
		5B2F8D781C6E7E880096858E /* RGB SlidersTests.xctest */ = {isa = PBXFileReference; explicitFileType = wrapper.cfbundle; includeInIndex = 0; path = "RGB SlidersTests.xctest"; sourceTree = BUILT_PRODUCTS_DIR; };
		5B2F8D7C1C6E7E880096858E /* RGB_SlidersTests.swift */ = {isa = PBXFileReference; lastKnownFileType = sourcecode.swift; path = RGB_SlidersTests.swift; sourceTree = "<group>"; };
		5B2F8D7E1C6E7E880096858E /* Info.plist */ = {isa = PBXFileReference; lastKnownFileType = text.plist.xml; path = Info.plist; sourceTree = "<group>"; };
		5B2F8D831C6E7E880096858E /* RGB SlidersUITests.xctest */ = {isa = PBXFileReference; explicitFileType = wrapper.cfbundle; includeInIndex = 0; path = "RGB SlidersUITests.xctest"; sourceTree = BUILT_PRODUCTS_DIR; };
		5B2F8D871C6E7E880096858E /* RGB_SlidersUITests.swift */ = {isa = PBXFileReference; lastKnownFileType = sourcecode.swift; path = RGB_SlidersUITests.swift; sourceTree = "<group>"; };
		5B2F8D891C6E7E880096858E /* Info.plist */ = {isa = PBXFileReference; lastKnownFileType = text.plist.xml; path = Info.plist; sourceTree = "<group>"; };
/* End PBXFileReference section */

/* Begin PBXFrameworksBuildPhase section */
		5B2F8D611C6E7E880096858E /* Frameworks */ = {
			isa = PBXFrameworksBuildPhase;
			buildActionMask = 2147483647;
			files = (
			);
			runOnlyForDeploymentPostprocessing = 0;
		};
		5B2F8D751C6E7E880096858E /* Frameworks */ = {
			isa = PBXFrameworksBuildPhase;
			buildActionMask = 2147483647;
			files = (
			);
			runOnlyForDeploymentPostprocessing = 0;
		};
		5B2F8D801C6E7E880096858E /* Frameworks */ = {
			isa = PBXFrameworksBuildPhase;
			buildActionMask = 2147483647;
			files = (
			);
			runOnlyForDeploymentPostprocessing = 0;
		};
/* End PBXFrameworksBuildPhase section */

/* Begin PBXGroup section */
		5B2F8D5B1C6E7E880096858E = {
			isa = PBXGroup;
			children = (
				5B2F8D661C6E7E880096858E /* RGB Sliders */,
				5B2F8D7B1C6E7E880096858E /* RGB SlidersTests */,
				5B2F8D861C6E7E880096858E /* RGB SlidersUITests */,
				5B2F8D651C6E7E880096858E /* Products */,
			);
			sourceTree = "<group>";
		};
		5B2F8D651C6E7E880096858E /* Products */ = {
			isa = PBXGroup;
			children = (
				5B2F8D641C6E7E880096858E /* RGB Sliders.app */,
				5B2F8D781C6E7E880096858E /* RGB SlidersTests.xctest */,
				5B2F8D831C6E7E880096858E /* RGB SlidersUITests.xctest */,
			);
			name = Products;
			sourceTree = "<group>";
		};
		5B2F8D661C6E7E880096858E /* RGB Sliders */ = {
			isa = PBXGroup;
			children = (
				5B2F8D671C6E7E880096858E /* AppDelegate.swift */,
				5B2F8D691C6E7E880096858E /* ViewController.swift */,
				5B2F8D6B1C6E7E880096858E /* Main.storyboard */,
				5B2F8D6E1C6E7E880096858E /* Assets.xcassets */,
				5B2F8D701C6E7E880096858E /* LaunchScreen.storyboard */,
				5B2F8D731C6E7E880096858E /* Info.plist */,
			);
			path = "RGB Sliders";
			sourceTree = "<group>";
		};
		5B2F8D7B1C6E7E880096858E /* RGB SlidersTests */ = {
			isa = PBXGroup;
			children = (
				5B2F8D7C1C6E7E880096858E /* RGB_SlidersTests.swift */,
				5B2F8D7E1C6E7E880096858E /* Info.plist */,
			);
			path = "RGB SlidersTests";
			sourceTree = "<group>";
		};
		5B2F8D861C6E7E880096858E /* RGB SlidersUITests */ = {
			isa = PBXGroup;
			children = (
				5B2F8D871C6E7E880096858E /* RGB_SlidersUITests.swift */,
				5B2F8D891C6E7E880096858E /* Info.plist */,
			);
			path = "RGB SlidersUITests";
			sourceTree = "<group>";
		};
/* End PBXGroup section */

/* Begin PBXNativeTarget section */
		5B2F8D631C6E7E880096858E /* RGB Sliders */ = {
			isa = PBXNativeTarget;
			buildConfigurationList = 5B2F8D8C1C6E7E880096858E /* Build configuration list for PBXNativeTarget "RGB Sliders" */;
			buildPhases = (
				5B2F8D601C6E7E880096858E /* Sources */,
				5B2F8D611C6E7E880096858E /* Frameworks */,
				5B2F8D621C6E7E880096858E /* Resources */,
			);
			buildRules = (
			);
			dependencies = (
			);
			name = "RGB Sliders";
			productName = "RGB Sliders";
			productReference = 5B2F8D641C6E7E880096858E /* RGB Sliders.app */;
			productType = "com.apple.product-type.application";
		};
		5B2F8D771C6E7E880096858E /* RGB SlidersTests */ = {
			isa = PBXNativeTarget;
			buildConfigurationList = 5B2F8D8F1C6E7E880096858E /* Build configuration list for PBXNativeTarget "RGB SlidersTests" */;
			buildPhases = (
				5B2F8D741C6E7E880096858E /* Sources */,
				5B2F8D751C6E7E880096858E /* Frameworks */,
				5B2F8D761C6E7E880096858E /* Resources */,
			);
			buildRules = (
			);
			dependencies = (
				5B2F8D7A1C6E7E880096858E /* PBXTargetDependency */,
			);
			name = "RGB SlidersTests";
			productName = "RGB SlidersTests";
			productReference = 5B2F8D781C6E7E880096858E /* RGB SlidersTests.xctest */;
			productType = "com.apple.product-type.bundle.unit-test";
		};
		5B2F8D821C6E7E880096858E /* RGB SlidersUITests */ = {
			isa = PBXNativeTarget;
			buildConfigurationList = 5B2F8D921C6E7E880096858E /* Build configuration list for PBXNativeTarget "RGB SlidersUITests" */;
			buildPhases = (
				5B2F8D7F1C6E7E880096858E /* Sources */,
				5B2F8D801C6E7E880096858E /* Frameworks */,
				5B2F8D811C6E7E880096858E /* Resources */,
			);
			buildRules = (
			);
			dependencies = (
				5B2F8D851C6E7E880096858E /* PBXTargetDependency */,
			);
			name = "RGB SlidersUITests";
			productName = "RGB SlidersUITests";
			productReference = 5B2F8D831C6E7E880096858E /* RGB SlidersUITests.xctest */;
			productType = "com.apple.product-type.bundle.ui-testing";
		};
/* End PBXNativeTarget section */

/* Begin PBXProject section */
		5B2F8D5C1C6E7E880096858E /* Project object */ = {
			isa = PBXProject;
			attributes = {
				LastSwiftUpdateCheck = 0720;
				LastUpgradeCheck = 0720;
				ORGANIZATIONNAME = user114896;
				TargetAttributes = {
					5B2F8D631C6E7E880096858E = {
						CreatedOnToolsVersion = 7.2;
					};
					5B2F8D771C6E7E880096858E = {
						CreatedOnToolsVersion = 7.2;
						TestTargetID = 5B2F8D631C6E7E880096858E;
					};
					5B2F8D821C6E7E880096858E = {
						CreatedOnToolsVersion = 7.2;
						TestTargetID = 5B2F8D631C6E7E880096858E;
					};
				};
			};
			buildConfigurationList = 5B2F8D5F1C6E7E880096858E /* Build configuration list for PBXProject "RGB Sliders" */;
			compatibilityVersion = "Xcode 3.2";
			developmentRegion = English;
			hasScannedForEncodings = 0;
			knownRegions = (
				en,
				Base,
			);
			mainGroup = 5B2F8D5B1C6E7E880096858E;
			productRefGroup = 5B2F8D651C6E7E880096858E /* Products */;
			projectDirPath = "";
			projectRoot = "";
			targets = (
				5B2F8D631C6E7E880096858E /* RGB Sliders */,
				5B2F8D771C6E7E880096858E /* RGB SlidersTests */,
				5B2F8D821C6E7E880096858E /* RGB SlidersUITests */,
			);
		};
/* End PBXProject section */

/* Begin PBXResourcesBuildPhase section */
		5B2F8D621C6E7E880096858E /* Resources */ = {
			isa = PBXResourcesBuildPhase;
			buildActionMask = 2147483647;
			files = (
				5B2F8D721C6E7E880096858E /* LaunchScreen.storyboard in Resources */,
				5B2F8D6F1C6E7E880096858E /* Assets.xcassets in Resources */,
				5B2F8D6D1C6E7E880096858E /* Main.storyboard in Resources */,
			);
			runOnlyForDeploymentPostprocessing = 0;
		};
		5B2F8D761C6E7E880096858E /* Resources */ = {
			isa = PBXResourcesBuildPhase;
			buildActionMask = 2147483647;
			files = (
			);
			runOnlyForDeploymentPostprocessing = 0;
		};
		5B2F8D811C6E7E880096858E /* Resources */ = {
			isa = PBXResourcesBuildPhase;
			buildActionMask = 2147483647;
			files = (
			);
			runOnlyForDeploymentPostprocessing = 0;
		};
/* End PBXResourcesBuildPhase section */

/* Begin PBXSourcesBuildPhase section */
		5B2F8D601C6E7E880096858E /* Sources */ = {
			isa = PBXSourcesBuildPhase;
			buildActionMask = 2147483647;
			files = (
				5B2F8D6A1C6E7E880096858E /* ViewController.swift in Sources */,
				5B2F8D681C6E7E880096858E /* AppDelegate.swift in Sources */,
			);
			runOnlyForDeploymentPostprocessing = 0;
		};
		5B2F8D741C6E7E880096858E /* Sources */ = {
			isa = PBXSourcesBuildPhase;
			buildActionMask = 2147483647;
			files = (
				5B2F8D7D1C6E7E880096858E /* RGB_SlidersTests.swift in Sources */,
			);
			runOnlyForDeploymentPostprocessing = 0;
		};
		5B2F8D7F1C6E7E880096858E /* Sources */ = {
			isa = PBXSourcesBuildPhase;
			buildActionMask = 2147483647;
			files = (
				5B2F8D881C6E7E880096858E /* RGB_SlidersUITests.swift in Sources */,
			);
			runOnlyForDeploymentPostprocessing = 0;
		};
/* End PBXSourcesBuildPhase section */

/* Begin PBXTargetDependency section */
		5B2F8D7A1C6E7E880096858E /* PBXTargetDependency */ = {
			isa = PBXTargetDependency;
			target = 5B2F8D631C6E7E880096858E /* RGB Sliders */;
			targetProxy = 5B2F8D791C6E7E880096858E /* PBXContainerItemProxy */;
		};
		5B2F8D851C6E7E880096858E /* PBXTargetDependency */ = {
			isa = PBXTargetDependency;
			target = 5B2F8D631C6E7E880096858E /* RGB Sliders */;
			targetProxy = 5B2F8D841C6E7E880096858E /* PBXContainerItemProxy */;
		};
/* End PBXTargetDependency section */

/* Begin PBXVariantGroup section */
		5B2F8D6B1C6E7E880096858E /* Main.storyboard */ = {
			isa = PBXVariantGroup;
			children = (
				5B2F8D6C1C6E7E880096858E /* Base */,
			);
			name = Main.storyboard;
			sourceTree = "<group>";
		};
		5B2F8D701C6E7E880096858E /* LaunchScreen.storyboard */ = {
			isa = PBXVariantGroup;
			children = (
				5B2F8D711C6E7E880096858E /* Base */,
			);
			name = LaunchScreen.storyboard;
			sourceTree = "<group>";
		};
/* End PBXVariantGroup section */

/* Begin XCBuildConfiguration section */
		5B2F8D8A1C6E7E880096858E /* Debug */ = {
			isa = XCBuildConfiguration;
			buildSettings = {
				ALWAYS_SEARCH_USER_PATHS = NO;
				CLANG_CXX_LANGUAGE_STANDARD = "gnu++0x";
				CLANG_CXX_LIBRARY = "libc++";
				CLANG_ENABLE_MODULES = YES;
				CLANG_ENABLE_OBJC_ARC = YES;
				CLANG_WARN_BOOL_CONVERSION = YES;
				CLANG_WARN_CONSTANT_CONVERSION = YES;
				CLANG_WARN_DIRECT_OBJC_ISA_USAGE = YES_ERROR;
				CLANG_WARN_EMPTY_BODY = YES;
				CLANG_WARN_ENUM_CONVERSION = YES;
				CLANG_WARN_INT_CONVERSION = YES;
				CLANG_WARN_OBJC_ROOT_CLASS = YES_ERROR;
				CLANG_WARN_UNREACHABLE_CODE = YES;
				CLANG_WARN__DUPLICATE_METHOD_MATCH = YES;
				"CODE_SIGN_IDENTITY[sdk=iphoneos*]" = "iPhone Developer";
				COPY_PHASE_STRIP = NO;
				DEBUG_INFORMATION_FORMAT = dwarf;
				ENABLE_STRICT_OBJC_MSGSEND = YES;
				ENABLE_TESTABILITY = YES;
				GCC_C_LANGUAGE_STANDARD = gnu99;
				GCC_DYNAMIC_NO_PIC = NO;
				GCC_NO_COMMON_BLOCKS = YES;
				GCC_OPTIMIZATION_LEVEL = 0;
				GCC_PREPROCESSOR_DEFINITIONS = (
					"DEBUG=1",
					"$(inherited)",
				);
				GCC_WARN_64_TO_32_BIT_CONVERSION = YES;
				GCC_WARN_ABOUT_RETURN_TYPE = YES_ERROR;
				GCC_WARN_UNDECLARED_SELECTOR = YES;
				GCC_WARN_UNINITIALIZED_AUTOS = YES_AGGRESSIVE;
				GCC_WARN_UNUSED_FUNCTION = YES;
				GCC_WARN_UNUSED_VARIABLE = YES;
				IPHONEOS_DEPLOYMENT_TARGET = 9.2;
				MTL_ENABLE_DEBUG_INFO = YES;
				ONLY_ACTIVE_ARCH = YES;
				SDKROOT = iphoneos;
				SWIFT_OPTIMIZATION_LEVEL = "-Onone";
			};
			name = Debug;
		};
		5B2F8D8B1C6E7E880096858E /* Release */ = {
			isa = XCBuildConfiguration;
			buildSettings = {
				ALWAYS_SEARCH_USER_PATHS = NO;
				CLANG_CXX_LANGUAGE_STANDARD = "gnu++0x";
				CLANG_CXX_LIBRARY = "libc++";
				CLANG_ENABLE_MODULES = YES;
				CLANG_ENABLE_OBJC_ARC = YES;
				CLANG_WARN_BOOL_CONVERSION = YES;
				CLANG_WARN_CONSTANT_CONVERSION = YES;
				CLANG_WARN_DIRECT_OBJC_ISA_USAGE = YES_ERROR;
				CLANG_WARN_EMPTY_BODY = YES;
				CLANG_WARN_ENUM_CONVERSION = YES;
				CLANG_WARN_INT_CONVERSION = YES;
				CLANG_WARN_OBJC_ROOT_CLASS = YES_ERROR;
				CLANG_WARN_UNREACHABLE_CODE = YES;
				CLANG_WARN__DUPLICATE_METHOD_MATCH = YES;
				"CODE_SIGN_IDENTITY[sdk=iphoneos*]" = "iPhone Developer";
				COPY_PHASE_STRIP = NO;
				DEBUG_INFORMATION_FORMAT = "dwarf-with-dsym";
				ENABLE_NS_ASSERTIONS = NO;
				ENABLE_STRICT_OBJC_MSGSEND = YES;
				GCC_C_LANGUAGE_STANDARD = gnu99;
				GCC_NO_COMMON_BLOCKS = YES;
				GCC_WARN_64_TO_32_BIT_CONVERSION = YES;
				GCC_WARN_ABOUT_RETURN_TYPE = YES_ERROR;
				GCC_WARN_UNDECLARED_SELECTOR = YES;
				GCC_WARN_UNINITIALIZED_AUTOS = YES_AGGRESSIVE;
				GCC_WARN_UNUSED_FUNCTION = YES;
				GCC_WARN_UNUSED_VARIABLE = YES;
				IPHONEOS_DEPLOYMENT_TARGET = 9.2;
				MTL_ENABLE_DEBUG_INFO = NO;
				SDKROOT = iphoneos;
				VALIDATE_PRODUCT = YES;
			};
			name = Release;
		};
		5B2F8D8D1C6E7E880096858E /* Debug */ = {
			isa = XCBuildConfiguration;
			buildSettings = {
				ASSETCATALOG_COMPILER_APPICON_NAME = AppIcon;
				INFOPLIST_FILE = "RGB Sliders/Info.plist";
				LD_RUNPATH_SEARCH_PATHS = "$(inherited) @executable_path/Frameworks";
				PRODUCT_BUNDLE_IDENTIFIER = "matt.RGB-Sliders";
				PRODUCT_NAME = "$(TARGET_NAME)";
			};
			name = Debug;
		};
		5B2F8D8E1C6E7E880096858E /* Release */ = {
			isa = XCBuildConfiguration;
			buildSettings = {
				ASSETCATALOG_COMPILER_APPICON_NAME = AppIcon;
				INFOPLIST_FILE = "RGB Sliders/Info.plist";
				LD_RUNPATH_SEARCH_PATHS = "$(inherited) @executable_path/Frameworks";
				PRODUCT_BUNDLE_IDENTIFIER = "matt.RGB-Sliders";
				PRODUCT_NAME = "$(TARGET_NAME)";
			};
			name = Release;
		};
		5B2F8D901C6E7E880096858E /* Debug */ = {
			isa = XCBuildConfiguration;
			buildSettings = {
				BUNDLE_LOADER = "$(TEST_HOST)";
				INFOPLIST_FILE = "RGB SlidersTests/Info.plist";
				LD_RUNPATH_SEARCH_PATHS = "$(inherited) @executable_path/Frameworks @loader_path/Frameworks";
				PRODUCT_BUNDLE_IDENTIFIER = "matt.RGB-SlidersTests";
				PRODUCT_NAME = "$(TARGET_NAME)";
				TEST_HOST = "$(BUILT_PRODUCTS_DIR)/RGB Sliders.app/RGB Sliders";
			};
			name = Debug;
		};
		5B2F8D911C6E7E880096858E /* Release */ = {
			isa = XCBuildConfiguration;
			buildSettings = {
				BUNDLE_LOADER = "$(TEST_HOST)";
				INFOPLIST_FILE = "RGB SlidersTests/Info.plist";
				LD_RUNPATH_SEARCH_PATHS = "$(inherited) @executable_path/Frameworks @loader_path/Frameworks";
				PRODUCT_BUNDLE_IDENTIFIER = "matt.RGB-SlidersTests";
				PRODUCT_NAME = "$(TARGET_NAME)";
				TEST_HOST = "$(BUILT_PRODUCTS_DIR)/RGB Sliders.app/RGB Sliders";
			};
			name = Release;
		};
		5B2F8D931C6E7E880096858E /* Debug */ = {
			isa = XCBuildConfiguration;
			buildSettings = {
				INFOPLIST_FILE = "RGB SlidersUITests/Info.plist";
				LD_RUNPATH_SEARCH_PATHS = "$(inherited) @executable_path/Frameworks @loader_path/Frameworks";
				PRODUCT_BUNDLE_IDENTIFIER = "matt.RGB-SlidersUITests";
				PRODUCT_NAME = "$(TARGET_NAME)";
				TEST_TARGET_NAME = "RGB Sliders";
				USES_XCTRUNNER = YES;
			};
			name = Debug;
		};
		5B2F8D941C6E7E880096858E /* Release */ = {
			isa = XCBuildConfiguration;
			buildSettings = {
				INFOPLIST_FILE = "RGB SlidersUITests/Info.plist";
				LD_RUNPATH_SEARCH_PATHS = "$(inherited) @executable_path/Frameworks @loader_path/Frameworks";
				PRODUCT_BUNDLE_IDENTIFIER = "matt.RGB-SlidersUITests";
				PRODUCT_NAME = "$(TARGET_NAME)";
				TEST_TARGET_NAME = "RGB Sliders";
				USES_XCTRUNNER = YES;
			};
			name = Release;
		};
/* End XCBuildConfiguration section */

/* Begin XCConfigurationList section */
		5B2F8D5F1C6E7E880096858E /* Build configuration list for PBXProject "RGB Sliders" */ = {
			isa = XCConfigurationList;
			buildConfigurations = (
				5B2F8D8A1C6E7E880096858E /* Debug */,
				5B2F8D8B1C6E7E880096858E /* Release */,
			);
			defaultConfigurationIsVisible = 0;
			defaultConfigurationName = Release;
		};
		5B2F8D8C1C6E7E880096858E /* Build configuration list for PBXNativeTarget "RGB Sliders" */ = {
			isa = XCConfigurationList;
			buildConfigurations = (
				5B2F8D8D1C6E7E880096858E /* Debug */,
				5B2F8D8E1C6E7E880096858E /* Release */,
			);
			defaultConfigurationIsVisible = 0;
		};
		5B2F8D8F1C6E7E880096858E /* Build configuration list for PBXNativeTarget "RGB SlidersTests" */ = {
			isa = XCConfigurationList;
			buildConfigurations = (
				5B2F8D901C6E7E880096858E /* Debug */,
				5B2F8D911C6E7E880096858E /* Release */,
			);
			defaultConfigurationIsVisible = 0;
		};
		5B2F8D921C6E7E880096858E /* Build configuration list for PBXNativeTarget "RGB SlidersUITests" */ = {
			isa = XCConfigurationList;
			buildConfigurations = (
				5B2F8D931C6E7E880096858E /* Debug */,
				5B2F8D941C6E7E880096858E /* Release */,
			);
			defaultConfigurationIsVisible = 0;
		};
/* End XCConfigurationList section */
	};
	rootObject = 5B2F8D5C1C6E7E880096858E /* Project object */;
}
